// !$*UTF8*$!
{
	archiveVersion = 1;
	classes = {
	};
	objectVersion = 50;
	objects = {

/* Begin PBXBuildFile section */
		2AEC596122F2DD1E00DC8CD2 /* AppDelegate.swift in Sources */ = {isa = PBXBuildFile; fileRef = 2AEC596022F2DD1E00DC8CD2 /* AppDelegate.swift */; };
		2AEC596322F2DD1E00DC8CD2 /* ViewController.swift in Sources */ = {isa = PBXBuildFile; fileRef = 2AEC596222F2DD1E00DC8CD2 /* ViewController.swift */; };
		2AEC596622F2DD1E00DC8CD2 /* Main.storyboard in Resources */ = {isa = PBXBuildFile; fileRef = 2AEC596422F2DD1E00DC8CD2 /* Main.storyboard */; };
		2AEC596822F2DD1E00DC8CD2 /* Assets.xcassets in Resources */ = {isa = PBXBuildFile; fileRef = 2AEC596722F2DD1E00DC8CD2 /* Assets.xcassets */; };
		2AEC597622F2DD1E00DC8CD2 /* ShitflixTests.swift in Sources */ = {isa = PBXBuildFile; fileRef = 2AEC597522F2DD1E00DC8CD2 /* ShitflixTests.swift */; };
		2AEC598122F2DD1E00DC8CD2 /* ShitflixUITests.swift in Sources */ = {isa = PBXBuildFile; fileRef = 2AEC598022F2DD1E00DC8CD2 /* ShitflixUITests.swift */; };
		2AEC599122F2DFBE00DC8CD2 /* HomepageView.swift in Sources */ = {isa = PBXBuildFile; fileRef = 2AEC599022F2DFBE00DC8CD2 /* HomepageView.swift */; };
		2AEC599322F2DFCB00DC8CD2 /* HomepageViewController.swift in Sources */ = {isa = PBXBuildFile; fileRef = 2AEC599222F2DFCB00DC8CD2 /* HomepageViewController.swift */; };
		2AEC599922F2E02200DC8CD2 /* FindView.swift in Sources */ = {isa = PBXBuildFile; fileRef = 2AEC599822F2E02200DC8CD2 /* FindView.swift */; };
		2AEC599B22F2E03200DC8CD2 /* FindViewController.swift in Sources */ = {isa = PBXBuildFile; fileRef = 2AEC599A22F2E03200DC8CD2 /* FindViewController.swift */; };
		2AEC599D22F2E03A00DC8CD2 /* DownloadView.swift in Sources */ = {isa = PBXBuildFile; fileRef = 2AEC599C22F2E03A00DC8CD2 /* DownloadView.swift */; };
		2AEC599F22F2E05300DC8CD2 /* DownloadViewController.swift in Sources */ = {isa = PBXBuildFile; fileRef = 2AEC599E22F2E05300DC8CD2 /* DownloadViewController.swift */; };
		2AEC59A122F2E05E00DC8CD2 /* OtherView.swift in Sources */ = {isa = PBXBuildFile; fileRef = 2AEC59A022F2E05E00DC8CD2 /* OtherView.swift */; };
		2AEC59A322F2E06900DC8CD2 /* OtherViewController.swift in Sources */ = {isa = PBXBuildFile; fileRef = 2AEC59A222F2E06900DC8CD2 /* OtherViewController.swift */; };
		2AEC59A622F2EAB500DC8CD2 /* MainTabBarController.swift in Sources */ = {isa = PBXBuildFile; fileRef = 2AEC59A522F2EAB500DC8CD2 /* MainTabBarController.swift */; };
		2AEC59A822F2FBA400DC8CD2 /* HeadlineMovieCell.swift in Sources */ = {isa = PBXBuildFile; fileRef = 2AEC59A722F2FBA400DC8CD2 /* HeadlineMovieCell.swift */; };
		2AEC59AA22F2FBFE00DC8CD2 /* MovieStripCell.swift in Sources */ = {isa = PBXBuildFile; fileRef = 2AEC59A922F2FBFE00DC8CD2 /* MovieStripCell.swift */; };
		2AEC59AD22F2FE0800DC8CD2 /* Movie.swift in Sources */ = {isa = PBXBuildFile; fileRef = 2AEC59AC22F2FE0800DC8CD2 /* Movie.swift */; };
		2AEC59AF22F31A5900DC8CD2 /* MovieArchive.swift in Sources */ = {isa = PBXBuildFile; fileRef = 2AEC59AE22F31A5900DC8CD2 /* MovieArchive.swift */; };
		2AEC59B122F31DB000DC8CD2 /* MovieStrip.swift in Sources */ = {isa = PBXBuildFile; fileRef = 2AEC59B022F31DB000DC8CD2 /* MovieStrip.swift */; };
		2AEC59B322F320A200DC8CD2 /* MovieCell.swift in Sources */ = {isa = PBXBuildFile; fileRef = 2AEC59B222F320A200DC8CD2 /* MovieCell.swift */; };
		2AEC59B922F4287D00DC8CD2 /* TMDService.swift in Sources */ = {isa = PBXBuildFile; fileRef = 2AEC59B822F4287D00DC8CD2 /* TMDService.swift */; };
		2AEC59BC22F4635D00DC8CD2 /* Constants.swift in Sources */ = {isa = PBXBuildFile; fileRef = 2AEC59BB22F4635D00DC8CD2 /* Constants.swift */; };
		2AEC59BE22F4659600DC8CD2 /* MovieGroupType.swift in Sources */ = {isa = PBXBuildFile; fileRef = 2AEC59BD22F4659600DC8CD2 /* MovieGroupType.swift */; };
		2AEC59C122F4678100DC8CD2 /* TMDResources.swift in Sources */ = {isa = PBXBuildFile; fileRef = 2AEC59C022F4678100DC8CD2 /* TMDResources.swift */; };
/* End PBXBuildFile section */

/* Begin PBXContainerItemProxy section */
		2AEC597222F2DD1E00DC8CD2 /* PBXContainerItemProxy */ = {
			isa = PBXContainerItemProxy;
			containerPortal = 2AEC595522F2DD1E00DC8CD2 /* Project object */;
			proxyType = 1;
			remoteGlobalIDString = 2AEC595C22F2DD1E00DC8CD2;
			remoteInfo = Shitflix;
		};
		2AEC597D22F2DD1E00DC8CD2 /* PBXContainerItemProxy */ = {
			isa = PBXContainerItemProxy;
			containerPortal = 2AEC595522F2DD1E00DC8CD2 /* Project object */;
			proxyType = 1;
			remoteGlobalIDString = 2AEC595C22F2DD1E00DC8CD2;
			remoteInfo = Shitflix;
		};
/* End PBXContainerItemProxy section */

/* Begin PBXFileReference section */
		2AEC595D22F2DD1E00DC8CD2 /* Shitflix.app */ = {isa = PBXFileReference; explicitFileType = wrapper.application; includeInIndex = 0; path = Shitflix.app; sourceTree = BUILT_PRODUCTS_DIR; };
		2AEC596022F2DD1E00DC8CD2 /* AppDelegate.swift */ = {isa = PBXFileReference; lastKnownFileType = sourcecode.swift; path = AppDelegate.swift; sourceTree = "<group>"; };
		2AEC596222F2DD1E00DC8CD2 /* ViewController.swift */ = {isa = PBXFileReference; lastKnownFileType = sourcecode.swift; path = ViewController.swift; sourceTree = "<group>"; };
		2AEC596522F2DD1E00DC8CD2 /* Base */ = {isa = PBXFileReference; lastKnownFileType = file.storyboard; name = Base; path = Base.lproj/Main.storyboard; sourceTree = "<group>"; };
		2AEC596722F2DD1E00DC8CD2 /* Assets.xcassets */ = {isa = PBXFileReference; lastKnownFileType = folder.assetcatalog; path = Assets.xcassets; sourceTree = "<group>"; };
		2AEC596C22F2DD1E00DC8CD2 /* Info.plist */ = {isa = PBXFileReference; lastKnownFileType = text.plist.xml; path = Info.plist; sourceTree = "<group>"; };
		2AEC597122F2DD1E00DC8CD2 /* ShitflixTests.xctest */ = {isa = PBXFileReference; explicitFileType = wrapper.cfbundle; includeInIndex = 0; path = ShitflixTests.xctest; sourceTree = BUILT_PRODUCTS_DIR; };
		2AEC597522F2DD1E00DC8CD2 /* ShitflixTests.swift */ = {isa = PBXFileReference; lastKnownFileType = sourcecode.swift; path = ShitflixTests.swift; sourceTree = "<group>"; };
		2AEC597722F2DD1E00DC8CD2 /* Info.plist */ = {isa = PBXFileReference; lastKnownFileType = text.plist.xml; path = Info.plist; sourceTree = "<group>"; };
		2AEC597C22F2DD1E00DC8CD2 /* ShitflixUITests.xctest */ = {isa = PBXFileReference; explicitFileType = wrapper.cfbundle; includeInIndex = 0; path = ShitflixUITests.xctest; sourceTree = BUILT_PRODUCTS_DIR; };
		2AEC598022F2DD1E00DC8CD2 /* ShitflixUITests.swift */ = {isa = PBXFileReference; lastKnownFileType = sourcecode.swift; path = ShitflixUITests.swift; sourceTree = "<group>"; };
		2AEC598222F2DD1E00DC8CD2 /* Info.plist */ = {isa = PBXFileReference; lastKnownFileType = text.plist.xml; path = Info.plist; sourceTree = "<group>"; };
		2AEC599022F2DFBE00DC8CD2 /* HomepageView.swift */ = {isa = PBXFileReference; lastKnownFileType = sourcecode.swift; path = HomepageView.swift; sourceTree = "<group>"; };
		2AEC599222F2DFCB00DC8CD2 /* HomepageViewController.swift */ = {isa = PBXFileReference; lastKnownFileType = sourcecode.swift; path = HomepageViewController.swift; sourceTree = "<group>"; };
		2AEC599822F2E02200DC8CD2 /* FindView.swift */ = {isa = PBXFileReference; lastKnownFileType = sourcecode.swift; path = FindView.swift; sourceTree = "<group>"; };
		2AEC599A22F2E03200DC8CD2 /* FindViewController.swift */ = {isa = PBXFileReference; lastKnownFileType = sourcecode.swift; path = FindViewController.swift; sourceTree = "<group>"; };
		2AEC599C22F2E03A00DC8CD2 /* DownloadView.swift */ = {isa = PBXFileReference; lastKnownFileType = sourcecode.swift; path = DownloadView.swift; sourceTree = "<group>"; };
		2AEC599E22F2E05300DC8CD2 /* DownloadViewController.swift */ = {isa = PBXFileReference; lastKnownFileType = sourcecode.swift; path = DownloadViewController.swift; sourceTree = "<group>"; };
		2AEC59A022F2E05E00DC8CD2 /* OtherView.swift */ = {isa = PBXFileReference; lastKnownFileType = sourcecode.swift; path = OtherView.swift; sourceTree = "<group>"; };
		2AEC59A222F2E06900DC8CD2 /* OtherViewController.swift */ = {isa = PBXFileReference; lastKnownFileType = sourcecode.swift; path = OtherViewController.swift; sourceTree = "<group>"; };
		2AEC59A522F2EAB500DC8CD2 /* MainTabBarController.swift */ = {isa = PBXFileReference; lastKnownFileType = sourcecode.swift; path = MainTabBarController.swift; sourceTree = "<group>"; };
		2AEC59A722F2FBA400DC8CD2 /* HeadlineMovieCell.swift */ = {isa = PBXFileReference; lastKnownFileType = sourcecode.swift; path = HeadlineMovieCell.swift; sourceTree = "<group>"; };
		2AEC59A922F2FBFE00DC8CD2 /* MovieStripCell.swift */ = {isa = PBXFileReference; lastKnownFileType = sourcecode.swift; path = MovieStripCell.swift; sourceTree = "<group>"; };
		2AEC59AC22F2FE0800DC8CD2 /* Movie.swift */ = {isa = PBXFileReference; lastKnownFileType = sourcecode.swift; path = Movie.swift; sourceTree = "<group>"; };
		2AEC59AE22F31A5900DC8CD2 /* MovieArchive.swift */ = {isa = PBXFileReference; lastKnownFileType = sourcecode.swift; path = MovieArchive.swift; sourceTree = "<group>"; };
		2AEC59B022F31DB000DC8CD2 /* MovieStrip.swift */ = {isa = PBXFileReference; lastKnownFileType = sourcecode.swift; path = MovieStrip.swift; sourceTree = "<group>"; };
		2AEC59B222F320A200DC8CD2 /* MovieCell.swift */ = {isa = PBXFileReference; lastKnownFileType = sourcecode.swift; path = MovieCell.swift; sourceTree = "<group>"; };
		2AEC59B822F4287D00DC8CD2 /* TMDService.swift */ = {isa = PBXFileReference; lastKnownFileType = sourcecode.swift; path = TMDService.swift; sourceTree = "<group>"; };
		2AEC59BB22F4635D00DC8CD2 /* Constants.swift */ = {isa = PBXFileReference; lastKnownFileType = sourcecode.swift; path = Constants.swift; sourceTree = "<group>"; };
		2AEC59BD22F4659600DC8CD2 /* MovieGroupType.swift */ = {isa = PBXFileReference; lastKnownFileType = sourcecode.swift; path = MovieGroupType.swift; sourceTree = "<group>"; };
		2AEC59C022F4678100DC8CD2 /* TMDResources.swift */ = {isa = PBXFileReference; lastKnownFileType = sourcecode.swift; path = TMDResources.swift; sourceTree = "<group>"; };
/* End PBXFileReference section */

/* Begin PBXFrameworksBuildPhase section */
		2AEC595A22F2DD1E00DC8CD2 /* Frameworks */ = {
			isa = PBXFrameworksBuildPhase;
			buildActionMask = 2147483647;
			files = (
			);
			runOnlyForDeploymentPostprocessing = 0;
		};
		2AEC596E22F2DD1E00DC8CD2 /* Frameworks */ = {
			isa = PBXFrameworksBuildPhase;
			buildActionMask = 2147483647;
			files = (
			);
			runOnlyForDeploymentPostprocessing = 0;
		};
		2AEC597922F2DD1E00DC8CD2 /* Frameworks */ = {
			isa = PBXFrameworksBuildPhase;
			buildActionMask = 2147483647;
			files = (
			);
			runOnlyForDeploymentPostprocessing = 0;
		};
/* End PBXFrameworksBuildPhase section */

/* Begin PBXGroup section */
		2AEC595422F2DD1E00DC8CD2 = {
			isa = PBXGroup;
			children = (
				2AEC595F22F2DD1E00DC8CD2 /* Shitflix */,
				2AEC597422F2DD1E00DC8CD2 /* ShitflixTests */,
				2AEC597F22F2DD1E00DC8CD2 /* ShitflixUITests */,
				2AEC595E22F2DD1E00DC8CD2 /* Products */,
			);
			sourceTree = "<group>";
		};
		2AEC595E22F2DD1E00DC8CD2 /* Products */ = {
			isa = PBXGroup;
			children = (
				2AEC595D22F2DD1E00DC8CD2 /* Shitflix.app */,
				2AEC597122F2DD1E00DC8CD2 /* ShitflixTests.xctest */,
				2AEC597C22F2DD1E00DC8CD2 /* ShitflixUITests.xctest */,
			);
			name = Products;
			sourceTree = "<group>";
		};
		2AEC595F22F2DD1E00DC8CD2 /* Shitflix */ = {
			isa = PBXGroup;
			children = (
				2AEC59BA22F4634E00DC8CD2 /* Commons */,
				2AEC59B722F4284500DC8CD2 /* Services */,
				2AEC59AB22F2FDFB00DC8CD2 /* Models */,
				2AEC598F22F2DFA000DC8CD2 /* Core */,
				2AEC598E22F2DF4000DC8CD2 /* Shared */,
				2AEC596022F2DD1E00DC8CD2 /* AppDelegate.swift */,
				2AEC596222F2DD1E00DC8CD2 /* ViewController.swift */,
				2AEC596422F2DD1E00DC8CD2 /* Main.storyboard */,
				2AEC596722F2DD1E00DC8CD2 /* Assets.xcassets */,
				2AEC596C22F2DD1E00DC8CD2 /* Info.plist */,
			);
			path = Shitflix;
			sourceTree = "<group>";
		};
		2AEC597422F2DD1E00DC8CD2 /* ShitflixTests */ = {
			isa = PBXGroup;
			children = (
				2AEC597522F2DD1E00DC8CD2 /* ShitflixTests.swift */,
				2AEC597722F2DD1E00DC8CD2 /* Info.plist */,
			);
			path = ShitflixTests;
			sourceTree = "<group>";
		};
		2AEC597F22F2DD1E00DC8CD2 /* ShitflixUITests */ = {
			isa = PBXGroup;
			children = (
				2AEC598022F2DD1E00DC8CD2 /* ShitflixUITests.swift */,
				2AEC598222F2DD1E00DC8CD2 /* Info.plist */,
			);
			path = ShitflixUITests;
			sourceTree = "<group>";
		};
		2AEC598E22F2DF4000DC8CD2 /* Shared */ = {
			isa = PBXGroup;
			children = (
				2AEC59A722F2FBA400DC8CD2 /* HeadlineMovieCell.swift */,
				2AEC59A922F2FBFE00DC8CD2 /* MovieStripCell.swift */,
				2AEC59B222F320A200DC8CD2 /* MovieCell.swift */,
			);
			path = Shared;
			sourceTree = "<group>";
		};
		2AEC598F22F2DFA000DC8CD2 /* Core */ = {
			isa = PBXGroup;
			children = (
				2AEC59B422F327D400DC8CD2 /* Tab Bar */,
				2AEC599722F2E00600DC8CD2 /* Other */,
				2AEC599622F2E00000DC8CD2 /* Download */,
				2AEC599522F2DFEC00DC8CD2 /* Find */,
				2AEC599422F2DFD100DC8CD2 /* Homepage */,
			);
			path = Core;
			sourceTree = "<group>";
		};
		2AEC599422F2DFD100DC8CD2 /* Homepage */ = {
			isa = PBXGroup;
			children = (
				2AEC599022F2DFBE00DC8CD2 /* HomepageView.swift */,
				2AEC599222F2DFCB00DC8CD2 /* HomepageViewController.swift */,
			);
			path = Homepage;
			sourceTree = "<group>";
		};
		2AEC599522F2DFEC00DC8CD2 /* Find */ = {
			isa = PBXGroup;
			children = (
				2AEC599822F2E02200DC8CD2 /* FindView.swift */,
				2AEC599A22F2E03200DC8CD2 /* FindViewController.swift */,
			);
			path = Find;
			sourceTree = "<group>";
		};
		2AEC599622F2E00000DC8CD2 /* Download */ = {
			isa = PBXGroup;
			children = (
				2AEC599C22F2E03A00DC8CD2 /* DownloadView.swift */,
				2AEC599E22F2E05300DC8CD2 /* DownloadViewController.swift */,
			);
			path = Download;
			sourceTree = "<group>";
		};
		2AEC599722F2E00600DC8CD2 /* Other */ = {
			isa = PBXGroup;
			children = (
				2AEC59A022F2E05E00DC8CD2 /* OtherView.swift */,
				2AEC59A222F2E06900DC8CD2 /* OtherViewController.swift */,
			);
			path = Other;
			sourceTree = "<group>";
		};
		2AEC59AB22F2FDFB00DC8CD2 /* Models */ = {
			isa = PBXGroup;
			children = (
				2AEC59AC22F2FE0800DC8CD2 /* Movie.swift */,
				2AEC59AE22F31A5900DC8CD2 /* MovieArchive.swift */,
				2AEC59B022F31DB000DC8CD2 /* MovieStrip.swift */,
			);
			path = Models;
			sourceTree = "<group>";
		};
		2AEC59B422F327D400DC8CD2 /* Tab Bar */ = {
			isa = PBXGroup;
			children = (
				2AEC59A522F2EAB500DC8CD2 /* MainTabBarController.swift */,
			);
			path = "Tab Bar";
			sourceTree = "<group>";
		};
		2AEC59B722F4284500DC8CD2 /* Services */ = {
			isa = PBXGroup;
			children = (
				2AEC59BF22F4673F00DC8CD2 /* The Movie Database */,
			);
			path = Services;
			sourceTree = "<group>";
		};
		2AEC59BA22F4634E00DC8CD2 /* Commons */ = {
			isa = PBXGroup;
			children = (
				2AEC59BB22F4635D00DC8CD2 /* Constants.swift */,
				2AEC59BD22F4659600DC8CD2 /* MovieGroupType.swift */,
			);
			path = Commons;
			sourceTree = "<group>";
		};
		2AEC59BF22F4673F00DC8CD2 /* The Movie Database */ = {
			isa = PBXGroup;
			children = (
				2AEC59B822F4287D00DC8CD2 /* TMDService.swift */,
				2AEC59C022F4678100DC8CD2 /* TMDResources.swift */,
			);
			path = "The Movie Database";
			sourceTree = "<group>";
		};
/* End PBXGroup section */

/* Begin PBXNativeTarget section */
		2AEC595C22F2DD1E00DC8CD2 /* Shitflix */ = {
			isa = PBXNativeTarget;
			buildConfigurationList = 2AEC598522F2DD1E00DC8CD2 /* Build configuration list for PBXNativeTarget "Shitflix" */;
			buildPhases = (
				2AEC595922F2DD1E00DC8CD2 /* Sources */,
				2AEC595A22F2DD1E00DC8CD2 /* Frameworks */,
				2AEC595B22F2DD1E00DC8CD2 /* Resources */,
			);
			buildRules = (
			);
			dependencies = (
			);
			name = Shitflix;
			productName = Shitflix;
			productReference = 2AEC595D22F2DD1E00DC8CD2 /* Shitflix.app */;
			productType = "com.apple.product-type.application";
		};
		2AEC597022F2DD1E00DC8CD2 /* ShitflixTests */ = {
			isa = PBXNativeTarget;
			buildConfigurationList = 2AEC598822F2DD1E00DC8CD2 /* Build configuration list for PBXNativeTarget "ShitflixTests" */;
			buildPhases = (
				2AEC596D22F2DD1E00DC8CD2 /* Sources */,
				2AEC596E22F2DD1E00DC8CD2 /* Frameworks */,
				2AEC596F22F2DD1E00DC8CD2 /* Resources */,
			);
			buildRules = (
			);
			dependencies = (
				2AEC597322F2DD1E00DC8CD2 /* PBXTargetDependency */,
			);
			name = ShitflixTests;
			productName = ShitflixTests;
			productReference = 2AEC597122F2DD1E00DC8CD2 /* ShitflixTests.xctest */;
			productType = "com.apple.product-type.bundle.unit-test";
		};
		2AEC597B22F2DD1E00DC8CD2 /* ShitflixUITests */ = {
			isa = PBXNativeTarget;
			buildConfigurationList = 2AEC598B22F2DD1E00DC8CD2 /* Build configuration list for PBXNativeTarget "ShitflixUITests" */;
			buildPhases = (
				2AEC597822F2DD1E00DC8CD2 /* Sources */,
				2AEC597922F2DD1E00DC8CD2 /* Frameworks */,
				2AEC597A22F2DD1E00DC8CD2 /* Resources */,
			);
			buildRules = (
			);
			dependencies = (
				2AEC597E22F2DD1E00DC8CD2 /* PBXTargetDependency */,
			);
			name = ShitflixUITests;
			productName = ShitflixUITests;
			productReference = 2AEC597C22F2DD1E00DC8CD2 /* ShitflixUITests.xctest */;
			productType = "com.apple.product-type.bundle.ui-testing";
		};
/* End PBXNativeTarget section */

/* Begin PBXProject section */
		2AEC595522F2DD1E00DC8CD2 /* Project object */ = {
			isa = PBXProject;
			attributes = {
				LastSwiftUpdateCheck = 1020;
				LastUpgradeCheck = 1020;
				ORGANIZATIONNAME = "BCamp User";
				TargetAttributes = {
					2AEC595C22F2DD1E00DC8CD2 = {
						CreatedOnToolsVersion = 10.2.1;
					};
					2AEC597022F2DD1E00DC8CD2 = {
						CreatedOnToolsVersion = 10.2.1;
						TestTargetID = 2AEC595C22F2DD1E00DC8CD2;
					};
					2AEC597B22F2DD1E00DC8CD2 = {
						CreatedOnToolsVersion = 10.2.1;
						TestTargetID = 2AEC595C22F2DD1E00DC8CD2;
					};
				};
			};
			buildConfigurationList = 2AEC595822F2DD1E00DC8CD2 /* Build configuration list for PBXProject "Shitflix" */;
			compatibilityVersion = "Xcode 9.3";
			developmentRegion = en;
			hasScannedForEncodings = 0;
			knownRegions = (
				en,
				Base,
			);
			mainGroup = 2AEC595422F2DD1E00DC8CD2;
			productRefGroup = 2AEC595E22F2DD1E00DC8CD2 /* Products */;
			projectDirPath = "";
			projectRoot = "";
			targets = (
				2AEC595C22F2DD1E00DC8CD2 /* Shitflix */,
				2AEC597022F2DD1E00DC8CD2 /* ShitflixTests */,
				2AEC597B22F2DD1E00DC8CD2 /* ShitflixUITests */,
			);
		};
/* End PBXProject section */

/* Begin PBXResourcesBuildPhase section */
		2AEC595B22F2DD1E00DC8CD2 /* Resources */ = {
			isa = PBXResourcesBuildPhase;
			buildActionMask = 2147483647;
			files = (
				2AEC596822F2DD1E00DC8CD2 /* Assets.xcassets in Resources */,
				2AEC596622F2DD1E00DC8CD2 /* Main.storyboard in Resources */,
			);
			runOnlyForDeploymentPostprocessing = 0;
		};
		2AEC596F22F2DD1E00DC8CD2 /* Resources */ = {
			isa = PBXResourcesBuildPhase;
			buildActionMask = 2147483647;
			files = (
			);
			runOnlyForDeploymentPostprocessing = 0;
		};
		2AEC597A22F2DD1E00DC8CD2 /* Resources */ = {
			isa = PBXResourcesBuildPhase;
			buildActionMask = 2147483647;
			files = (
			);
			runOnlyForDeploymentPostprocessing = 0;
		};
/* End PBXResourcesBuildPhase section */

/* Begin PBXSourcesBuildPhase section */
		2AEC595922F2DD1E00DC8CD2 /* Sources */ = {
			isa = PBXSourcesBuildPhase;
			buildActionMask = 2147483647;
			files = (
				2AEC59AD22F2FE0800DC8CD2 /* Movie.swift in Sources */,
				2AEC59B322F320A200DC8CD2 /* MovieCell.swift in Sources */,
				2AEC599922F2E02200DC8CD2 /* FindView.swift in Sources */,
				2AEC59B922F4287D00DC8CD2 /* TMDService.swift in Sources */,
				2AEC599322F2DFCB00DC8CD2 /* HomepageViewController.swift in Sources */,
				2AEC59A622F2EAB500DC8CD2 /* MainTabBarController.swift in Sources */,
				2AEC59C122F4678100DC8CD2 /* TMDResources.swift in Sources */,
				2AEC59A122F2E05E00DC8CD2 /* OtherView.swift in Sources */,
				2AEC59BE22F4659600DC8CD2 /* MovieGroupType.swift in Sources */,
				2AEC59AA22F2FBFE00DC8CD2 /* MovieStripCell.swift in Sources */,
				2AEC599D22F2E03A00DC8CD2 /* DownloadView.swift in Sources */,
				2AEC59AF22F31A5900DC8CD2 /* MovieArchive.swift in Sources */,
				2AEC59BC22F4635D00DC8CD2 /* Constants.swift in Sources */,
				2AEC599122F2DFBE00DC8CD2 /* HomepageView.swift in Sources */,
				2AEC596322F2DD1E00DC8CD2 /* ViewController.swift in Sources */,
				2AEC59A822F2FBA400DC8CD2 /* HeadlineMovieCell.swift in Sources */,
				2AEC596122F2DD1E00DC8CD2 /* AppDelegate.swift in Sources */,
				2AEC599F22F2E05300DC8CD2 /* DownloadViewController.swift in Sources */,
				2AEC59B122F31DB000DC8CD2 /* MovieStrip.swift in Sources */,
				2AEC599B22F2E03200DC8CD2 /* FindViewController.swift in Sources */,
				2AEC59A322F2E06900DC8CD2 /* OtherViewController.swift in Sources */,
			);
			runOnlyForDeploymentPostprocessing = 0;
		};
		2AEC596D22F2DD1E00DC8CD2 /* Sources */ = {
			isa = PBXSourcesBuildPhase;
			buildActionMask = 2147483647;
			files = (
				2AEC597622F2DD1E00DC8CD2 /* ShitflixTests.swift in Sources */,
			);
			runOnlyForDeploymentPostprocessing = 0;
		};
		2AEC597822F2DD1E00DC8CD2 /* Sources */ = {
			isa = PBXSourcesBuildPhase;
			buildActionMask = 2147483647;
			files = (
				2AEC598122F2DD1E00DC8CD2 /* ShitflixUITests.swift in Sources */,
			);
			runOnlyForDeploymentPostprocessing = 0;
		};
/* End PBXSourcesBuildPhase section */

/* Begin PBXTargetDependency section */
		2AEC597322F2DD1E00DC8CD2 /* PBXTargetDependency */ = {
			isa = PBXTargetDependency;
			target = 2AEC595C22F2DD1E00DC8CD2 /* Shitflix */;
			targetProxy = 2AEC597222F2DD1E00DC8CD2 /* PBXContainerItemProxy */;
		};
		2AEC597E22F2DD1E00DC8CD2 /* PBXTargetDependency */ = {
			isa = PBXTargetDependency;
			target = 2AEC595C22F2DD1E00DC8CD2 /* Shitflix */;
			targetProxy = 2AEC597D22F2DD1E00DC8CD2 /* PBXContainerItemProxy */;
		};
/* End PBXTargetDependency section */

/* Begin PBXVariantGroup section */
		2AEC596422F2DD1E00DC8CD2 /* Main.storyboard */ = {
			isa = PBXVariantGroup;
			children = (
				2AEC596522F2DD1E00DC8CD2 /* Base */,
			);
			name = Main.storyboard;
			sourceTree = "<group>";
		};
/* End PBXVariantGroup section */

/* Begin XCBuildConfiguration section */
		2AEC598322F2DD1E00DC8CD2 /* Debug */ = {
			isa = XCBuildConfiguration;
			buildSettings = {
				ALWAYS_SEARCH_USER_PATHS = NO;
				CLANG_ANALYZER_NONNULL = YES;
				CLANG_ANALYZER_NUMBER_OBJECT_CONVERSION = YES_AGGRESSIVE;
				CLANG_CXX_LANGUAGE_STANDARD = "gnu++14";
				CLANG_CXX_LIBRARY = "libc++";
				CLANG_ENABLE_MODULES = YES;
				CLANG_ENABLE_OBJC_ARC = YES;
				CLANG_ENABLE_OBJC_WEAK = YES;
				CLANG_WARN_BLOCK_CAPTURE_AUTORELEASING = YES;
				CLANG_WARN_BOOL_CONVERSION = YES;
				CLANG_WARN_COMMA = YES;
				CLANG_WARN_CONSTANT_CONVERSION = YES;
				CLANG_WARN_DEPRECATED_OBJC_IMPLEMENTATIONS = YES;
				CLANG_WARN_DIRECT_OBJC_ISA_USAGE = YES_ERROR;
				CLANG_WARN_DOCUMENTATION_COMMENTS = YES;
				CLANG_WARN_EMPTY_BODY = YES;
				CLANG_WARN_ENUM_CONVERSION = YES;
				CLANG_WARN_INFINITE_RECURSION = YES;
				CLANG_WARN_INT_CONVERSION = YES;
				CLANG_WARN_NON_LITERAL_NULL_CONVERSION = YES;
				CLANG_WARN_OBJC_IMPLICIT_RETAIN_SELF = YES;
				CLANG_WARN_OBJC_LITERAL_CONVERSION = YES;
				CLANG_WARN_OBJC_ROOT_CLASS = YES_ERROR;
				CLANG_WARN_RANGE_LOOP_ANALYSIS = YES;
				CLANG_WARN_STRICT_PROTOTYPES = YES;
				CLANG_WARN_SUSPICIOUS_MOVE = YES;
				CLANG_WARN_UNGUARDED_AVAILABILITY = YES_AGGRESSIVE;
				CLANG_WARN_UNREACHABLE_CODE = YES;
				CLANG_WARN__DUPLICATE_METHOD_MATCH = YES;
				CODE_SIGN_IDENTITY = "iPhone Developer";
				COPY_PHASE_STRIP = NO;
				DEBUG_INFORMATION_FORMAT = dwarf;
				ENABLE_STRICT_OBJC_MSGSEND = YES;
				ENABLE_TESTABILITY = YES;
				GCC_C_LANGUAGE_STANDARD = gnu11;
				GCC_DYNAMIC_NO_PIC = NO;
				GCC_NO_COMMON_BLOCKS = YES;
				GCC_OPTIMIZATION_LEVEL = 0;
				GCC_PREPROCESSOR_DEFINITIONS = (
					"DEBUG=1",
					"$(inherited)",
				);
				GCC_WARN_64_TO_32_BIT_CONVERSION = YES;
				GCC_WARN_ABOUT_RETURN_TYPE = YES_ERROR;
				GCC_WARN_UNDECLARED_SELECTOR = YES;
				GCC_WARN_UNINITIALIZED_AUTOS = YES_AGGRESSIVE;
				GCC_WARN_UNUSED_FUNCTION = YES;
				GCC_WARN_UNUSED_VARIABLE = YES;
				IPHONEOS_DEPLOYMENT_TARGET = 12.2;
				MTL_ENABLE_DEBUG_INFO = INCLUDE_SOURCE;
				MTL_FAST_MATH = YES;
				ONLY_ACTIVE_ARCH = YES;
				SDKROOT = iphoneos;
				SWIFT_ACTIVE_COMPILATION_CONDITIONS = DEBUG;
				SWIFT_OPTIMIZATION_LEVEL = "-Onone";
			};
			name = Debug;
		};
		2AEC598422F2DD1E00DC8CD2 /* Release */ = {
			isa = XCBuildConfiguration;
			buildSettings = {
				ALWAYS_SEARCH_USER_PATHS = NO;
				CLANG_ANALYZER_NONNULL = YES;
				CLANG_ANALYZER_NUMBER_OBJECT_CONVERSION = YES_AGGRESSIVE;
				CLANG_CXX_LANGUAGE_STANDARD = "gnu++14";
				CLANG_CXX_LIBRARY = "libc++";
				CLANG_ENABLE_MODULES = YES;
				CLANG_ENABLE_OBJC_ARC = YES;
				CLANG_ENABLE_OBJC_WEAK = YES;
				CLANG_WARN_BLOCK_CAPTURE_AUTORELEASING = YES;
				CLANG_WARN_BOOL_CONVERSION = YES;
				CLANG_WARN_COMMA = YES;
				CLANG_WARN_CONSTANT_CONVERSION = YES;
				CLANG_WARN_DEPRECATED_OBJC_IMPLEMENTATIONS = YES;
				CLANG_WARN_DIRECT_OBJC_ISA_USAGE = YES_ERROR;
				CLANG_WARN_DOCUMENTATION_COMMENTS = YES;
				CLANG_WARN_EMPTY_BODY = YES;
				CLANG_WARN_ENUM_CONVERSION = YES;
				CLANG_WARN_INFINITE_RECURSION = YES;
				CLANG_WARN_INT_CONVERSION = YES;
				CLANG_WARN_NON_LITERAL_NULL_CONVERSION = YES;
				CLANG_WARN_OBJC_IMPLICIT_RETAIN_SELF = YES;
				CLANG_WARN_OBJC_LITERAL_CONVERSION = YES;
				CLANG_WARN_OBJC_ROOT_CLASS = YES_ERROR;
				CLANG_WARN_RANGE_LOOP_ANALYSIS = YES;
				CLANG_WARN_STRICT_PROTOTYPES = YES;
				CLANG_WARN_SUSPICIOUS_MOVE = YES;
				CLANG_WARN_UNGUARDED_AVAILABILITY = YES_AGGRESSIVE;
				CLANG_WARN_UNREACHABLE_CODE = YES;
				CLANG_WARN__DUPLICATE_METHOD_MATCH = YES;
				CODE_SIGN_IDENTITY = "iPhone Developer";
				COPY_PHASE_STRIP = NO;
				DEBUG_INFORMATION_FORMAT = "dwarf-with-dsym";
				ENABLE_NS_ASSERTIONS = NO;
				ENABLE_STRICT_OBJC_MSGSEND = YES;
				GCC_C_LANGUAGE_STANDARD = gnu11;
				GCC_NO_COMMON_BLOCKS = YES;
				GCC_WARN_64_TO_32_BIT_CONVERSION = YES;
				GCC_WARN_ABOUT_RETURN_TYPE = YES_ERROR;
				GCC_WARN_UNDECLARED_SELECTOR = YES;
				GCC_WARN_UNINITIALIZED_AUTOS = YES_AGGRESSIVE;
				GCC_WARN_UNUSED_FUNCTION = YES;
				GCC_WARN_UNUSED_VARIABLE = YES;
				IPHONEOS_DEPLOYMENT_TARGET = 12.2;
				MTL_ENABLE_DEBUG_INFO = NO;
				MTL_FAST_MATH = YES;
				SDKROOT = iphoneos;
				SWIFT_COMPILATION_MODE = wholemodule;
				SWIFT_OPTIMIZATION_LEVEL = "-O";
				VALIDATE_PRODUCT = YES;
			};
			name = Release;
		};
		2AEC598622F2DD1E00DC8CD2 /* Debug */ = {
			isa = XCBuildConfiguration;
			buildSettings = {
				ASSETCATALOG_COMPILER_APPICON_NAME = AppIcon;
				CODE_SIGN_STYLE = Automatic;
				INFOPLIST_FILE = Shitflix/Info.plist;
				LD_RUNPATH_SEARCH_PATHS = (
					"$(inherited)",
					"@executable_path/Frameworks",
				);
				PRODUCT_BUNDLE_IDENTIFIER = BC.Shitflix;
				PRODUCT_NAME = "$(TARGET_NAME)";
				SWIFT_VERSION = 5.0;
				TARGETED_DEVICE_FAMILY = "1,2";
			};
			name = Debug;
		};
		2AEC598722F2DD1E00DC8CD2 /* Release */ = {
			isa = XCBuildConfiguration;
			buildSettings = {
				ASSETCATALOG_COMPILER_APPICON_NAME = AppIcon;
				CODE_SIGN_STYLE = Automatic;
				INFOPLIST_FILE = Shitflix/Info.plist;
				LD_RUNPATH_SEARCH_PATHS = (
					"$(inherited)",
					"@executable_path/Frameworks",
				);
				PRODUCT_BUNDLE_IDENTIFIER = BC.Shitflix;
				PRODUCT_NAME = "$(TARGET_NAME)";
				SWIFT_VERSION = 5.0;
				TARGETED_DEVICE_FAMILY = "1,2";
			};
			name = Release;
		};
		2AEC598922F2DD1E00DC8CD2 /* Debug */ = {
			isa = XCBuildConfiguration;
			buildSettings = {
				ALWAYS_EMBED_SWIFT_STANDARD_LIBRARIES = YES;
				BUNDLE_LOADER = "$(TEST_HOST)";
				CODE_SIGN_STYLE = Automatic;
				INFOPLIST_FILE = ShitflixTests/Info.plist;
				LD_RUNPATH_SEARCH_PATHS = (
					"$(inherited)",
					"@executable_path/Frameworks",
					"@loader_path/Frameworks",
				);
				PRODUCT_BUNDLE_IDENTIFIER = BC.ShitflixTests;
				PRODUCT_NAME = "$(TARGET_NAME)";
				SWIFT_VERSION = 5.0;
				TARGETED_DEVICE_FAMILY = "1,2";
				TEST_HOST = "$(BUILT_PRODUCTS_DIR)/Shitflix.app/Shitflix";
			};
			name = Debug;
		};
		2AEC598A22F2DD1E00DC8CD2 /* Release */ = {
			isa = XCBuildConfiguration;
			buildSettings = {
				ALWAYS_EMBED_SWIFT_STANDARD_LIBRARIES = YES;
				BUNDLE_LOADER = "$(TEST_HOST)";
				CODE_SIGN_STYLE = Automatic;
				INFOPLIST_FILE = ShitflixTests/Info.plist;
				LD_RUNPATH_SEARCH_PATHS = (
					"$(inherited)",
					"@executable_path/Frameworks",
					"@loader_path/Frameworks",
				);
				PRODUCT_BUNDLE_IDENTIFIER = BC.ShitflixTests;
				PRODUCT_NAME = "$(TARGET_NAME)";
				SWIFT_VERSION = 5.0;
				TARGETED_DEVICE_FAMILY = "1,2";
				TEST_HOST = "$(BUILT_PRODUCTS_DIR)/Shitflix.app/Shitflix";
			};
			name = Release;
		};
		2AEC598C22F2DD1E00DC8CD2 /* Debug */ = {
			isa = XCBuildConfiguration;
			buildSettings = {
				ALWAYS_EMBED_SWIFT_STANDARD_LIBRARIES = YES;
				CODE_SIGN_STYLE = Automatic;
				INFOPLIST_FILE = ShitflixUITests/Info.plist;
				LD_RUNPATH_SEARCH_PATHS = (
					"$(inherited)",
					"@executable_path/Frameworks",
					"@loader_path/Frameworks",
				);
				PRODUCT_BUNDLE_IDENTIFIER = BC.ShitflixUITests;
				PRODUCT_NAME = "$(TARGET_NAME)";
				SWIFT_VERSION = 5.0;
				TARGETED_DEVICE_FAMILY = "1,2";
				TEST_TARGET_NAME = Shitflix;
			};
			name = Debug;
		};
		2AEC598D22F2DD1E00DC8CD2 /* Release */ = {
			isa = XCBuildConfiguration;
			buildSettings = {
				ALWAYS_EMBED_SWIFT_STANDARD_LIBRARIES = YES;
				CODE_SIGN_STYLE = Automatic;
				INFOPLIST_FILE = ShitflixUITests/Info.plist;
				LD_RUNPATH_SEARCH_PATHS = (
					"$(inherited)",
					"@executable_path/Frameworks",
					"@loader_path/Frameworks",
				);
				PRODUCT_BUNDLE_IDENTIFIER = BC.ShitflixUITests;
				PRODUCT_NAME = "$(TARGET_NAME)";
				SWIFT_VERSION = 5.0;
				TARGETED_DEVICE_FAMILY = "1,2";
				TEST_TARGET_NAME = Shitflix;
			};
			name = Release;
		};
/* End XCBuildConfiguration section */

/* Begin XCConfigurationList section */
		2AEC595822F2DD1E00DC8CD2 /* Build configuration list for PBXProject "Shitflix" */ = {
			isa = XCConfigurationList;
			buildConfigurations = (
				2AEC598322F2DD1E00DC8CD2 /* Debug */,
				2AEC598422F2DD1E00DC8CD2 /* Release */,
			);
			defaultConfigurationIsVisible = 0;
			defaultConfigurationName = Release;
		};
		2AEC598522F2DD1E00DC8CD2 /* Build configuration list for PBXNativeTarget "Shitflix" */ = {
			isa = XCConfigurationList;
			buildConfigurations = (
				2AEC598622F2DD1E00DC8CD2 /* Debug */,
				2AEC598722F2DD1E00DC8CD2 /* Release */,
			);
			defaultConfigurationIsVisible = 0;
			defaultConfigurationName = Release;
		};
		2AEC598822F2DD1E00DC8CD2 /* Build configuration list for PBXNativeTarget "ShitflixTests" */ = {
			isa = XCConfigurationList;
			buildConfigurations = (
				2AEC598922F2DD1E00DC8CD2 /* Debug */,
				2AEC598A22F2DD1E00DC8CD2 /* Release */,
			);
			defaultConfigurationIsVisible = 0;
			defaultConfigurationName = Release;
		};
		2AEC598B22F2DD1E00DC8CD2 /* Build configuration list for PBXNativeTarget "ShitflixUITests" */ = {
			isa = XCConfigurationList;
			buildConfigurations = (
				2AEC598C22F2DD1E00DC8CD2 /* Debug */,
				2AEC598D22F2DD1E00DC8CD2 /* Release */,
			);
			defaultConfigurationIsVisible = 0;
			defaultConfigurationName = Release;
		};
/* End XCConfigurationList section */
	};
	rootObject = 2AEC595522F2DD1E00DC8CD2 /* Project object */;
}
